
Microsoft Visual Studio Solution File, Format Version 12.00
# Visual Studio Version 17
VisualStudioVersion = 17.14.36518.9
MinimumVisualStudioVersion = 10.0.40219.1
Project("{2150E333-8FDC-42A3-9474-1A3956D46DE8}") = "Task0", "Task0", "{02EA681E-C7D8-13C7-8484-4AC65E1B71E8}"
EndProject
Project("{FAE04EC0-301F-11D3-BF4B-00C04F79EFBC}") = "Tyuiu.ReshetovaAA.Sprint2.Task0.V27", "Tyuiu.ReshetovaAA.Sprint2.Task0.V27\Tyuiu.ReshetovaAA.Sprint2.Task0.V27.csproj", "{1FD0DB50-95BC-47F6-B5D0-9B2C60AF855C}"
EndProject
Project("{FAE04EC0-301F-11D3-BF4B-00C04F79EFBC}") = "Tyuiu.ReshetovaAA.Sprint2.Task0.V27.Lib", "Tyuiu.ReshetovaAA.Sprint2.Task0.V27.Lib\Tyuiu.ReshetovaAA.Sprint2.Task0.V27.Lib.csproj", "{2F5CBB55-DA25-438D-9E83-08280D9D8A65}"
EndProject
Project("{FAE04EC0-301F-11D3-BF4B-00C04F79EFBC}") = "Tyuiu.ReshetovaAA.Sprint2.Task0.V27.Test", "Tyuiu.ReshetovaAA.Sprint2.Task0.V27.Test\Tyuiu.ReshetovaAA.Sprint2.Task0.V27.Test.csproj", "{06C5B624-3592-41CC-B804-4B8BBA0E5EAC}"
EndProject
Project("{2150E333-8FDC-42A3-9474-1A3956D46DE8}") = "Task1", "Task1", "{12AA1C5E-AE1B-47BC-B409-84CCF4B591FE}"
EndProject
Project("{FAE04EC0-301F-11D3-BF4B-00C04F79EFBC}") = "Tyuiu.ReshetovaAA.Sprint2.Task1.V29.Test", "Tyuiu.ReshetovaAA.Sprint2.Task1.V29.Test\Tyuiu.ReshetovaAA.Sprint2.Task1.V29.Test.csproj", "{5E1EACD8-A258-4495-AB28-13DD8EDD302A}"
EndProject
Project("{FAE04EC0-301F-11D3-BF4B-00C04F79EFBC}") = "Tyuiu.ReshetovaAA.Sprint2.Task1.V29.Lib", "Tyuiu.ReshetovaAA.Sprint2.Task1.V29.Lib\Tyuiu.ReshetovaAA.Sprint2.Task1.V29.Lib.csproj", "{2AE7AEA3-299E-4070-8C89-0A748A34E44E}"
EndProject
Project("{FAE04EC0-301F-11D3-BF4B-00C04F79EFBC}") = "Tyuiu.ReshetovaAA.Sprint2.Task1.V29", "Tyuiu.ReshetovaAA.Sprint2.Task1.V29\Tyuiu.ReshetovaAA.Sprint2.Task1.V29.csproj", "{E162159B-B052-4D11-9805-B5CD18637398}"
EndProject
Project("{2150E333-8FDC-42A3-9474-1A3956D46DE8}") = "Task2", "Task2", "{AD8B1E75-30BE-49F4-8DB2-9E4D2CD6078A}"
EndProject
Project("{FAE04EC0-301F-11D3-BF4B-00C04F79EFBC}") = "Tyuiu.ReshetovaAA.Sprint2.Task2.V2", "Tyuiu.ReshetovaAA.Sprint2.Task2.V2\Tyuiu.ReshetovaAA.Sprint2.Task2.V2.csproj", "{2A5E91C0-3BE6-4C65-A6A8-B1DEE7085A0F}"
EndProject
Project("{FAE04EC0-301F-11D3-BF4B-00C04F79EFBC}") = "Tyuiu.ReshetovaAA.Sprint2.Task2.V2.Lib", "Tyuiu.ReshetovaAA.Sprint2.Task2.V2.Lib\Tyuiu.ReshetovaAA.Sprint2.Task2.V2.Lib.csproj", "{D28C566C-D42D-4D69-A42C-3CB411CA48CE}"
EndProject
Project("{FAE04EC0-301F-11D3-BF4B-00C04F79EFBC}") = "Tyuiu.ReshetovaAA.Sprint2.Task2.V2.Test", "Tyuiu.ReshetovaAA.Sprint2.Task2.V2.Test\Tyuiu.ReshetovaAA.Sprint2.Task2.V2.Test.csproj", "{86615EDF-633E-4FBB-BBEE-B6D2ECEE538F}"
EndProject
Project("{2150E333-8FDC-42A3-9474-1A3956D46DE8}") = "Task3", "Task3", "{C6798E99-397C-4F95-BC13-3D5E99B065E9}"
EndProject
Project("{FAE04EC0-301F-11D3-BF4B-00C04F79EFBC}") = "Tyuiu.ReshetovaAA.Sprint2.Task3.V23.Lib", "Tyuiu.ReshetovaAA.Sprint2.Task3.V23.Lib\Tyuiu.ReshetovaAA.Sprint2.Task3.V23.Lib.csproj", "{CC6AA658-C3FF-4BF0-B288-ACCB71929825}"
EndProject
Project("{FAE04EC0-301F-11D3-BF4B-00C04F79EFBC}") = "Tyuiu.ReshetovaAA.Sprint2.Task3.V23.Test", "Tyuiu.ReshetovaAA.Sprint2.Task3.V23.Test\Tyuiu.ReshetovaAA.Sprint2.Task3.V23.Test.csproj", "{4588F915-4E34-4948-9872-06B01D52BD8A}"
EndProject
Project("{FAE04EC0-301F-11D3-BF4B-00C04F79EFBC}") = "Tyuiu.ReshetovaAA.Sprint2.Task3.V23", "Tyuiu.ReshetovaAA.Sprint2.Task3.V23\Tyuiu.ReshetovaAA.Sprint2.Task3.V23.csproj", "{A71BF4AA-580F-455F-A6EA-9D0126873436}"
EndProject
Project("{2150E333-8FDC-42A3-9474-1A3956D46DE8}") = "Task4", "Task4", "{DF607155-6167-4963-8684-AE616CCBE96F}"
EndProject
Project("{FAE04EC0-301F-11D3-BF4B-00C04F79EFBC}") = "Tyuiu.ReshetovaAA.Sprint2.Task4.V6", "Tyuiu.ReshetovaAA.Sprint2.Task4.V6\Tyuiu.ReshetovaAA.Sprint2.Task4.V6.csproj", "{7CB0E459-6689-4A18-A6C8-3C1E95815810}"
EndProject
Project("{FAE04EC0-301F-11D3-BF4B-00C04F79EFBC}") = "Tyuiu.ReshetovaAA.Sprint2.Task4.V6.Test", "Tyuiu.ReshetovaAA.Sprint2.Task4.V6.Test\Tyuiu.ReshetovaAA.Sprint2.Task4.V6.Test.csproj", "{66A82B63-BDF6-4BF5-96F9-5B1C055CB228}"
EndProject
Project("{FAE04EC0-301F-11D3-BF4B-00C04F79EFBC}") = "Tyuiu.ReshetovaAA.Sprint2.Task4.V6.Lib", "Tyuiu.ReshetovaAA.Sprint2.Task4.V6.Lib\Tyuiu.ReshetovaAA.Sprint2.Task4.V6.Lib.csproj", "{84ED38BE-0832-4E4E-B53B-A9FD451ECED9}"
EndProject
Global
	GlobalSection(SolutionConfigurationPlatforms) = preSolution
		Debug|Any CPU = Debug|Any CPU
		Release|Any CPU = Release|Any CPU
	EndGlobalSection
	GlobalSection(ProjectConfigurationPlatforms) = postSolution
		{1FD0DB50-95BC-47F6-B5D0-9B2C60AF855C}.Debug|Any CPU.ActiveCfg = Debug|Any CPU
		{1FD0DB50-95BC-47F6-B5D0-9B2C60AF855C}.Debug|Any CPU.Build.0 = Debug|Any CPU
		{1FD0DB50-95BC-47F6-B5D0-9B2C60AF855C}.Release|Any CPU.ActiveCfg = Release|Any CPU
		{1FD0DB50-95BC-47F6-B5D0-9B2C60AF855C}.Release|Any CPU.Build.0 = Release|Any CPU
		{2F5CBB55-DA25-438D-9E83-08280D9D8A65}.Debug|Any CPU.ActiveCfg = Debug|Any CPU
		{2F5CBB55-DA25-438D-9E83-08280D9D8A65}.Debug|Any CPU.Build.0 = Debug|Any CPU
		{2F5CBB55-DA25-438D-9E83-08280D9D8A65}.Release|Any CPU.ActiveCfg = Release|Any CPU
		{2F5CBB55-DA25-438D-9E83-08280D9D8A65}.Release|Any CPU.Build.0 = Release|Any CPU
		{06C5B624-3592-41CC-B804-4B8BBA0E5EAC}.Debug|Any CPU.ActiveCfg = Debug|Any CPU
		{06C5B624-3592-41CC-B804-4B8BBA0E5EAC}.Debug|Any CPU.Build.0 = Debug|Any CPU
		{06C5B624-3592-41CC-B804-4B8BBA0E5EAC}.Release|Any CPU.ActiveCfg = Release|Any CPU
		{06C5B624-3592-41CC-B804-4B8BBA0E5EAC}.Release|Any CPU.Build.0 = Release|Any CPU
		{5E1EACD8-A258-4495-AB28-13DD8EDD302A}.Debug|Any CPU.ActiveCfg = Debug|Any CPU
		{5E1EACD8-A258-4495-AB28-13DD8EDD302A}.Debug|Any CPU.Build.0 = Debug|Any CPU
		{5E1EACD8-A258-4495-AB28-13DD8EDD302A}.Release|Any CPU.ActiveCfg = Release|Any CPU
		{5E1EACD8-A258-4495-AB28-13DD8EDD302A}.Release|Any CPU.Build.0 = Release|Any CPU
		{2AE7AEA3-299E-4070-8C89-0A748A34E44E}.Debug|Any CPU.ActiveCfg = Debug|Any CPU
		{2AE7AEA3-299E-4070-8C89-0A748A34E44E}.Debug|Any CPU.Build.0 = Debug|Any CPU
		{2AE7AEA3-299E-4070-8C89-0A748A34E44E}.Release|Any CPU.ActiveCfg = Release|Any CPU
		{2AE7AEA3-299E-4070-8C89-0A748A34E44E}.Release|Any CPU.Build.0 = Release|Any CPU
		{E162159B-B052-4D11-9805-B5CD18637398}.Debug|Any CPU.ActiveCfg = Debug|Any CPU
		{E162159B-B052-4D11-9805-B5CD18637398}.Debug|Any CPU.Build.0 = Debug|Any CPU
		{E162159B-B052-4D11-9805-B5CD18637398}.Release|Any CPU.ActiveCfg = Release|Any CPU
		{E162159B-B052-4D11-9805-B5CD18637398}.Release|Any CPU.Build.0 = Release|Any CPU
		{2A5E91C0-3BE6-4C65-A6A8-B1DEE7085A0F}.Debug|Any CPU.ActiveCfg = Debug|Any CPU
		{2A5E91C0-3BE6-4C65-A6A8-B1DEE7085A0F}.Debug|Any CPU.Build.0 = Debug|Any CPU
		{2A5E91C0-3BE6-4C65-A6A8-B1DEE7085A0F}.Release|Any CPU.ActiveCfg = Release|Any CPU
		{2A5E91C0-3BE6-4C65-A6A8-B1DEE7085A0F}.Release|Any CPU.Build.0 = Release|Any CPU
		{D28C566C-D42D-4D69-A42C-3CB411CA48CE}.Debug|Any CPU.ActiveCfg = Debug|Any CPU
		{D28C566C-D42D-4D69-A42C-3CB411CA48CE}.Debug|Any CPU.Build.0 = Debug|Any CPU
		{D28C566C-D42D-4D69-A42C-3CB411CA48CE}.Release|Any CPU.ActiveCfg = Release|Any CPU
		{D28C566C-D42D-4D69-A42C-3CB411CA48CE}.Release|Any CPU.Build.0 = Release|Any CPU
		{86615EDF-633E-4FBB-BBEE-B6D2ECEE538F}.Debug|Any CPU.ActiveCfg = Debug|Any CPU
		{86615EDF-633E-4FBB-BBEE-B6D2ECEE538F}.Debug|Any CPU.Build.0 = Debug|Any CPU
		{86615EDF-633E-4FBB-BBEE-B6D2ECEE538F}.Release|Any CPU.ActiveCfg = Release|Any CPU
		{86615EDF-633E-4FBB-BBEE-B6D2ECEE538F}.Release|Any CPU.Build.0 = Release|Any CPU
		{CC6AA658-C3FF-4BF0-B288-ACCB71929825}.Debug|Any CPU.ActiveCfg = Debug|Any CPU
		{CC6AA658-C3FF-4BF0-B288-ACCB71929825}.Debug|Any CPU.Build.0 = Debug|Any CPU
		{CC6AA658-C3FF-4BF0-B288-ACCB71929825}.Release|Any CPU.ActiveCfg = Release|Any CPU
		{CC6AA658-C3FF-4BF0-B288-ACCB71929825}.Release|Any CPU.Build.0 = Release|Any CPU
		{4588F915-4E34-4948-9872-06B01D52BD8A}.Debug|Any CPU.ActiveCfg = Debug|Any CPU
		{4588F915-4E34-4948-9872-06B01D52BD8A}.Debug|Any CPU.Build.0 = Debug|Any CPU
		{4588F915-4E34-4948-9872-06B01D52BD8A}.Release|Any CPU.ActiveCfg = Release|Any CPU
		{4588F915-4E34-4948-9872-06B01D52BD8A}.Release|Any CPU.Build.0 = Release|Any CPU
		{A71BF4AA-580F-455F-A6EA-9D0126873436}.Debug|Any CPU.ActiveCfg = Debug|Any CPU
		{A71BF4AA-580F-455F-A6EA-9D0126873436}.Debug|Any CPU.Build.0 = Debug|Any CPU
		{A71BF4AA-580F-455F-A6EA-9D0126873436}.Release|Any CPU.ActiveCfg = Release|Any CPU
		{A71BF4AA-580F-455F-A6EA-9D0126873436}.Release|Any CPU.Build.0 = Release|Any CPU
		{7CB0E459-6689-4A18-A6C8-3C1E95815810}.Debug|Any CPU.ActiveCfg = Debug|Any CPU
		{7CB0E459-6689-4A18-A6C8-3C1E95815810}.Debug|Any CPU.Build.0 = Debug|Any CPU
		{7CB0E459-6689-4A18-A6C8-3C1E95815810}.Release|Any CPU.ActiveCfg = Release|Any CPU
		{7CB0E459-6689-4A18-A6C8-3C1E95815810}.Release|Any CPU.Build.0 = Release|Any CPU
		{66A82B63-BDF6-4BF5-96F9-5B1C055CB228}.Debug|Any CPU.ActiveCfg = Debug|Any CPU
		{66A82B63-BDF6-4BF5-96F9-5B1C055CB228}.Debug|Any CPU.Build.0 = Debug|Any CPU
		{66A82B63-BDF6-4BF5-96F9-5B1C055CB228}.Release|Any CPU.ActiveCfg = Release|Any CPU
		{66A82B63-BDF6-4BF5-96F9-5B1C055CB228}.Release|Any CPU.Build.0 = Release|Any CPU
		{84ED38BE-0832-4E4E-B53B-A9FD451ECED9}.Debug|Any CPU.ActiveCfg = Debug|Any CPU
		{84ED38BE-0832-4E4E-B53B-A9FD451ECED9}.Debug|Any CPU.Build.0 = Debug|Any CPU
		{84ED38BE-0832-4E4E-B53B-A9FD451ECED9}.Release|Any CPU.ActiveCfg = Release|Any CPU
		{84ED38BE-0832-4E4E-B53B-A9FD451ECED9}.Release|Any CPU.Build.0 = Release|Any CPU
	EndGlobalSection
	GlobalSection(SolutionProperties) = preSolution
		HideSolutionNode = FALSE
	EndGlobalSection
	GlobalSection(NestedProjects) = preSolution
		{1FD0DB50-95BC-47F6-B5D0-9B2C60AF855C} = {02EA681E-C7D8-13C7-8484-4AC65E1B71E8}
		{2F5CBB55-DA25-438D-9E83-08280D9D8A65} = {02EA681E-C7D8-13C7-8484-4AC65E1B71E8}
		{06C5B624-3592-41CC-B804-4B8BBA0E5EAC} = {02EA681E-C7D8-13C7-8484-4AC65E1B71E8}
		{5E1EACD8-A258-4495-AB28-13DD8EDD302A} = {12AA1C5E-AE1B-47BC-B409-84CCF4B591FE}
		{2AE7AEA3-299E-4070-8C89-0A748A34E44E} = {12AA1C5E-AE1B-47BC-B409-84CCF4B591FE}
		{E162159B-B052-4D11-9805-B5CD18637398} = {12AA1C5E-AE1B-47BC-B409-84CCF4B591FE}
		{2A5E91C0-3BE6-4C65-A6A8-B1DEE7085A0F} = {AD8B1E75-30BE-49F4-8DB2-9E4D2CD6078A}
		{D28C566C-D42D-4D69-A42C-3CB411CA48CE} = {AD8B1E75-30BE-49F4-8DB2-9E4D2CD6078A}
		{86615EDF-633E-4FBB-BBEE-B6D2ECEE538F} = {AD8B1E75-30BE-49F4-8DB2-9E4D2CD6078A}
		{CC6AA658-C3FF-4BF0-B288-ACCB71929825} = {C6798E99-397C-4F95-BC13-3D5E99B065E9}
		{4588F915-4E34-4948-9872-06B01D52BD8A} = {C6798E99-397C-4F95-BC13-3D5E99B065E9}
		{A71BF4AA-580F-455F-A6EA-9D0126873436} = {C6798E99-397C-4F95-BC13-3D5E99B065E9}
		{7CB0E459-6689-4A18-A6C8-3C1E95815810} = {DF607155-6167-4963-8684-AE616CCBE96F}
		{66A82B63-BDF6-4BF5-96F9-5B1C055CB228} = {DF607155-6167-4963-8684-AE616CCBE96F}
		{84ED38BE-0832-4E4E-B53B-A9FD451ECED9} = {DF607155-6167-4963-8684-AE616CCBE96F}
	EndGlobalSection
	GlobalSection(ExtensibilityGlobals) = postSolution
		SolutionGuid = {9435382E-63FF-43C4-96FE-6C0141BDD06D}
	EndGlobalSection
EndGlobal
